
Microsoft Visual Studio Solution File, Format Version 12.00
# Visual Studio Version 17
VisualStudioVersion = 17.4.33213.308
MinimumVisualStudioVersion = 10.0.40219.1
Project("{9A19103F-16F7-4668-BE54-9A1E7A4F7556}") = "BlazorDemo", "BlazorDemo\BlazorDemo.csproj", "{A8F01850-5571-4A41-BEB5-6497D6013E24}"
EndProject
Project("{FAE04EC0-301F-11D3-BF4B-00C04F79EFBC}") = "TestProject1", "TestProject1\TestProject1.csproj", "{4CDAD62D-7E40-4AB2-A72E-1D5BD075B117}"
	ProjectSection(ProjectDependencies) = postProject
		{A8F01850-5571-4A41-BEB5-6497D6013E24} = {A8F01850-5571-4A41-BEB5-6497D6013E24}
	EndProjectSection
EndProject
Global
	GlobalSection(SolutionConfigurationPlatforms) = preSolution
		Debug|Any CPU = Debug|Any CPU
		Release|Any CPU = Release|Any CPU
	EndGlobalSection
	GlobalSection(ProjectConfigurationPlatforms) = postSolution
		{A8F01850-5571-4A41-BEB5-6497D6013E24}.Debug|Any CPU.ActiveCfg = Debug|Any CPU
		{A8F01850-5571-4A41-BEB5-6497D6013E24}.Debug|Any CPU.Build.0 = Debug|Any CPU
		{A8F01850-5571-4A41-BEB5-6497D6013E24}.Release|Any CPU.ActiveCfg = Release|Any CPU
		{A8F01850-5571-4A41-BEB5-6497D6013E24}.Release|Any CPU.Build.0 = Release|Any CPU
		{4CDAD62D-7E40-4AB2-A72E-1D5BD075B117}.Debug|Any CPU.ActiveCfg = Debug|Any CPU
		{4CDAD62D-7E40-4AB2-A72E-1D5BD075B117}.Debug|Any CPU.Build.0 = Debug|Any CPU
		{4CDAD62D-7E40-4AB2-A72E-1D5BD075B117}.Release|Any CPU.ActiveCfg = Release|Any CPU
		{4CDAD62D-7E40-4AB2-A72E-1D5BD075B117}.Release|Any CPU.Build.0 = Release|Any CPU
	EndGlobalSection
	GlobalSection(SolutionProperties) = preSolution
		HideSolutionNode = FALSE
	EndGlobalSection
	GlobalSection(ExtensibilityGlobals) = postSolution
		SolutionGuid = {49B162C7-9782-45F3-B017-08210CB79EB4}
	EndGlobalSection
EndGlobal
