
Microsoft Visual Studio Solution File, Format Version 12.00
# Visual Studio Version 16
VisualStudioVersion = 16.0.30406.217
MinimumVisualStudioVersion = 10.0.40219.1
Project("{FAE04EC0-301F-11D3-BF4B-00C04F79EFBC}") = "MemoryGame", "MemoryGame.csproj", "{B56AC33E-56CD-4B2F-B758-3AEBE07499FB}"
EndProject
Global
	GlobalSection(SolutionConfigurationPlatforms) = preSolution
		Debug|Any CPU = Debug|Any CPU
		Release|Any CPU = Release|Any CPU
	EndGlobalSection
	GlobalSection(ProjectConfigurationPlatforms) = postSolution
		{B56AC33E-56CD-4B2F-B758-3AEBE07499FB}.Debug|Any CPU.ActiveCfg = Debug|Any CPU
		{B56AC33E-56CD-4B2F-B758-3AEBE07499FB}.Debug|Any CPU.Build.0 = Debug|Any CPU
		{B56AC33E-56CD-4B2F-B758-3AEBE07499FB}.Release|Any CPU.ActiveCfg = Release|Any CPU
		{B56AC33E-56CD-4B2F-B758-3AEBE07499FB}.Release|Any CPU.Build.0 = Release|Any CPU
	EndGlobalSection
	GlobalSection(SolutionProperties) = preSolution
		HideSolutionNode = FALSE
	EndGlobalSection
	GlobalSection(ExtensibilityGlobals) = postSolution
		SolutionGuid = {7D8CD20F-EB69-492D-89DD-A43B1308A04A}
	EndGlobalSection
EndGlobal
