
Microsoft Visual Studio Solution File, Format Version 12.00
# Visual Studio Version 16
VisualStudioVersion = 16.0.30503.244
MinimumVisualStudioVersion = 10.0.40219.1
Project("{9A19103F-16F7-4668-BE54-9A1E7A4F7556}") = "Traveling Salesman Problem", "Traveling Salesman Problem\Traveling Salesman Problem.csproj", "{1D97B386-72EC-4FEF-B43D-069F54B6EDE9}"
EndProject
Project("{FAE04EC0-301F-11D3-BF4B-00C04F79EFBC}") = "TSP GUI", "TSP GUI\TSP GUI.csproj", "{5C81744E-2453-4A14-9CC4-D6ACD9B2D6F7}"
EndProject
Global
	GlobalSection(SolutionConfigurationPlatforms) = preSolution
		Debug|Any CPU = Debug|Any CPU
		Release|Any CPU = Release|Any CPU
	EndGlobalSection
	GlobalSection(ProjectConfigurationPlatforms) = postSolution
		{1D97B386-72EC-4FEF-B43D-069F54B6EDE9}.Debug|Any CPU.ActiveCfg = Debug|Any CPU
		{1D97B386-72EC-4FEF-B43D-069F54B6EDE9}.Debug|Any CPU.Build.0 = Debug|Any CPU
		{1D97B386-72EC-4FEF-B43D-069F54B6EDE9}.Release|Any CPU.ActiveCfg = Release|Any CPU
		{1D97B386-72EC-4FEF-B43D-069F54B6EDE9}.Release|Any CPU.Build.0 = Release|Any CPU
		{5C81744E-2453-4A14-9CC4-D6ACD9B2D6F7}.Debug|Any CPU.ActiveCfg = Debug|Any CPU
		{5C81744E-2453-4A14-9CC4-D6ACD9B2D6F7}.Debug|Any CPU.Build.0 = Debug|Any CPU
		{5C81744E-2453-4A14-9CC4-D6ACD9B2D6F7}.Release|Any CPU.ActiveCfg = Release|Any CPU
		{5C81744E-2453-4A14-9CC4-D6ACD9B2D6F7}.Release|Any CPU.Build.0 = Release|Any CPU
	EndGlobalSection
	GlobalSection(SolutionProperties) = preSolution
		HideSolutionNode = FALSE
	EndGlobalSection
	GlobalSection(ExtensibilityGlobals) = postSolution
		SolutionGuid = {AE66E5ED-FE2B-46BD-AB30-6DB4BB81EDBD}
	EndGlobalSection
EndGlobal
