
Microsoft Visual Studio Solution File, Format Version 12.00
# Visual Studio Version 17
VisualStudioVersion = 17.1.32210.238
MinimumVisualStudioVersion = 10.0.40219.1
Project("{9A19103F-16F7-4668-BE54-9A1E7A4F7556}") = "TheoTheDoor.Server", "Server\TheoTheDoor.Server.csproj", "{D49BCCD3-F9BB-4CF1-A350-CD3C24DA66C7}"
EndProject
Project("{9A19103F-16F7-4668-BE54-9A1E7A4F7556}") = "TheoTheDoor.Client", "Client\TheoTheDoor.Client.csproj", "{737592BF-C67E-48FB-9C88-E34575B929EE}"
EndProject
Project("{9A19103F-16F7-4668-BE54-9A1E7A4F7556}") = "TheoTheDoor.Shared", "Shared\TheoTheDoor.Shared.csproj", "{AB96F624-CB7A-4751-9E0E-E99C86EB7681}"
EndProject
Global
	GlobalSection(SolutionConfigurationPlatforms) = preSolution
		Debug|Any CPU = Debug|Any CPU
		Release|Any CPU = Release|Any CPU
	EndGlobalSection
	GlobalSection(ProjectConfigurationPlatforms) = postSolution
		{D49BCCD3-F9BB-4CF1-A350-CD3C24DA66C7}.Debug|Any CPU.ActiveCfg = Debug|Any CPU
		{D49BCCD3-F9BB-4CF1-A350-CD3C24DA66C7}.Debug|Any CPU.Build.0 = Debug|Any CPU
		{D49BCCD3-F9BB-4CF1-A350-CD3C24DA66C7}.Release|Any CPU.ActiveCfg = Release|Any CPU
		{D49BCCD3-F9BB-4CF1-A350-CD3C24DA66C7}.Release|Any CPU.Build.0 = Release|Any CPU
		{737592BF-C67E-48FB-9C88-E34575B929EE}.Debug|Any CPU.ActiveCfg = Debug|Any CPU
		{737592BF-C67E-48FB-9C88-E34575B929EE}.Debug|Any CPU.Build.0 = Debug|Any CPU
		{737592BF-C67E-48FB-9C88-E34575B929EE}.Release|Any CPU.ActiveCfg = Release|Any CPU
		{737592BF-C67E-48FB-9C88-E34575B929EE}.Release|Any CPU.Build.0 = Release|Any CPU
		{AB96F624-CB7A-4751-9E0E-E99C86EB7681}.Debug|Any CPU.ActiveCfg = Debug|Any CPU
		{AB96F624-CB7A-4751-9E0E-E99C86EB7681}.Debug|Any CPU.Build.0 = Debug|Any CPU
		{AB96F624-CB7A-4751-9E0E-E99C86EB7681}.Release|Any CPU.ActiveCfg = Release|Any CPU
		{AB96F624-CB7A-4751-9E0E-E99C86EB7681}.Release|Any CPU.Build.0 = Release|Any CPU
	EndGlobalSection
	GlobalSection(SolutionProperties) = preSolution
		HideSolutionNode = FALSE
	EndGlobalSection
	GlobalSection(ExtensibilityGlobals) = postSolution
		SolutionGuid = {BFA18E88-6C8A-4582-A60E-94B1D24D917F}
	EndGlobalSection
EndGlobal
