
Microsoft Visual Studio Solution File, Format Version 12.00
# Visual Studio Version 16
VisualStudioVersion = 16.0.31112.23
MinimumVisualStudioVersion = 10.0.40219.1
Project("{FAE04EC0-301F-11D3-BF4B-00C04F79EFBC}") = "LocationCalculator", "LocationCalculator.csproj", "{AEDAC1AE-AD9E-4E2F-BF13-BAABBA1A4771}"
EndProject
Global
	GlobalSection(SolutionConfigurationPlatforms) = preSolution
		Debug|Any CPU = Debug|Any CPU
		Release|Any CPU = Release|Any CPU
	EndGlobalSection
	GlobalSection(ProjectConfigurationPlatforms) = postSolution
		{AEDAC1AE-AD9E-4E2F-BF13-BAABBA1A4771}.Debug|Any CPU.ActiveCfg = Debug|Any CPU
		{AEDAC1AE-AD9E-4E2F-BF13-BAABBA1A4771}.Debug|Any CPU.Build.0 = Debug|Any CPU
		{AEDAC1AE-AD9E-4E2F-BF13-BAABBA1A4771}.Release|Any CPU.ActiveCfg = Release|Any CPU
		{AEDAC1AE-AD9E-4E2F-BF13-BAABBA1A4771}.Release|Any CPU.Build.0 = Release|Any CPU
	EndGlobalSection
	GlobalSection(SolutionProperties) = preSolution
		HideSolutionNode = FALSE
	EndGlobalSection
	GlobalSection(ExtensibilityGlobals) = postSolution
		SolutionGuid = {22474AA8-5C79-497A-8C79-5BA4FA3540A5}
	EndGlobalSection
EndGlobal
