
Microsoft Visual Studio Solution File, Format Version 12.00
# Visual Studio Version 16
VisualStudioVersion = 16.0.31112.23
MinimumVisualStudioVersion = 10.0.40219.1
Project("{FAE04EC0-301F-11D3-BF4B-00C04F79EFBC}") = "Heatmap", "Heatmap.csproj", "{DD731C53-FEAB-40DE-9B15-B309C58D0AE2}"
EndProject
Global
	GlobalSection(SolutionConfigurationPlatforms) = preSolution
		Debug|Any CPU = Debug|Any CPU
		Release|Any CPU = Release|Any CPU
	EndGlobalSection
	GlobalSection(ProjectConfigurationPlatforms) = postSolution
		{DD731C53-FEAB-40DE-9B15-B309C58D0AE2}.Debug|Any CPU.ActiveCfg = Debug|Any CPU
		{DD731C53-FEAB-40DE-9B15-B309C58D0AE2}.Debug|Any CPU.Build.0 = Debug|Any CPU
		{DD731C53-FEAB-40DE-9B15-B309C58D0AE2}.Release|Any CPU.ActiveCfg = Release|Any CPU
		{DD731C53-FEAB-40DE-9B15-B309C58D0AE2}.Release|Any CPU.Build.0 = Release|Any CPU
	EndGlobalSection
	GlobalSection(SolutionProperties) = preSolution
		HideSolutionNode = FALSE
	EndGlobalSection
	GlobalSection(ExtensibilityGlobals) = postSolution
		SolutionGuid = {BD7CC495-0FD6-4ECA-AFE6-C18E8A567913}
	EndGlobalSection
EndGlobal
