
Microsoft Visual Studio Solution File, Format Version 12.00
# Visual Studio Version 16
VisualStudioVersion = 16.0.30503.244
MinimumVisualStudioVersion = 10.0.40219.1
Project("{FAE04EC0-301F-11D3-BF4B-00C04F79EFBC}") = "TicTacToeGUI", "TicTacToeGUI.csproj", "{1A68ECC3-0FE1-42A2-8B91-C78547F9C4B1}"
EndProject
Global
	GlobalSection(SolutionConfigurationPlatforms) = preSolution
		Debug|Any CPU = Debug|Any CPU
		Release|Any CPU = Release|Any CPU
	EndGlobalSection
	GlobalSection(ProjectConfigurationPlatforms) = postSolution
		{1A68ECC3-0FE1-42A2-8B91-C78547F9C4B1}.Debug|Any CPU.ActiveCfg = Debug|Any CPU
		{1A68ECC3-0FE1-42A2-8B91-C78547F9C4B1}.Debug|Any CPU.Build.0 = Debug|Any CPU
		{1A68ECC3-0FE1-42A2-8B91-C78547F9C4B1}.Release|Any CPU.ActiveCfg = Release|Any CPU
		{1A68ECC3-0FE1-42A2-8B91-C78547F9C4B1}.Release|Any CPU.Build.0 = Release|Any CPU
	EndGlobalSection
	GlobalSection(SolutionProperties) = preSolution
		HideSolutionNode = FALSE
	EndGlobalSection
	GlobalSection(ExtensibilityGlobals) = postSolution
		SolutionGuid = {AC95A946-7F6E-4AC3-8C5A-F1419B2922D7}
	EndGlobalSection
EndGlobal
