
Microsoft Visual Studio Solution File, Format Version 12.00
# Visual Studio Version 17
VisualStudioVersion = 17.4.33213.308
MinimumVisualStudioVersion = 10.0.40219.1
Project("{FAE04EC0-301F-11D3-BF4B-00C04F79EFBC}") = "Receive", "Receive\Receive.csproj", "{9E58AAF6-0191-457A-BF40-649A28D59379}"
EndProject
Project("{FAE04EC0-301F-11D3-BF4B-00C04F79EFBC}") = "Send", "Send\Send.csproj", "{F1A0400C-EBB7-4608-A3B7-6EE729ECC28C}"
EndProject
Global
	GlobalSection(SolutionConfigurationPlatforms) = preSolution
		Debug|Any CPU = Debug|Any CPU
		Release|Any CPU = Release|Any CPU
	EndGlobalSection
	GlobalSection(ProjectConfigurationPlatforms) = postSolution
		{9E58AAF6-0191-457A-BF40-649A28D59379}.Debug|Any CPU.ActiveCfg = Debug|Any CPU
		{9E58AAF6-0191-457A-BF40-649A28D59379}.Debug|Any CPU.Build.0 = Debug|Any CPU
		{9E58AAF6-0191-457A-BF40-649A28D59379}.Release|Any CPU.ActiveCfg = Release|Any CPU
		{9E58AAF6-0191-457A-BF40-649A28D59379}.Release|Any CPU.Build.0 = Release|Any CPU
		{F1A0400C-EBB7-4608-A3B7-6EE729ECC28C}.Debug|Any CPU.ActiveCfg = Debug|Any CPU
		{F1A0400C-EBB7-4608-A3B7-6EE729ECC28C}.Debug|Any CPU.Build.0 = Debug|Any CPU
		{F1A0400C-EBB7-4608-A3B7-6EE729ECC28C}.Release|Any CPU.ActiveCfg = Release|Any CPU
		{F1A0400C-EBB7-4608-A3B7-6EE729ECC28C}.Release|Any CPU.Build.0 = Release|Any CPU
	EndGlobalSection
	GlobalSection(SolutionProperties) = preSolution
		HideSolutionNode = FALSE
	EndGlobalSection
	GlobalSection(ExtensibilityGlobals) = postSolution
		SolutionGuid = {18DFA5B8-0483-4627-8D72-FFB753DF5FF4}
	EndGlobalSection
EndGlobal
