
Microsoft Visual Studio Solution File, Format Version 12.00
# Visual Studio Version 16
VisualStudioVersion = 16.0.30503.244
MinimumVisualStudioVersion = 10.0.40219.1
Project("{FAE04EC0-301F-11D3-BF4B-00C04F79EFBC}") = "OrangeTreeSim", "OrangeTreeSim\OrangeTreeSim.csproj", "{8A3529DC-19B8-4D26-80AC-CDFDC8CDE958}"
EndProject
Project("{FAE04EC0-301F-11D3-BF4B-00C04F79EFBC}") = "OrangeTreeTest", "OrangeTreeTest\OrangeTreeTest.csproj", "{4C497A59-ED43-498A-8CAD-F6A0521CD252}"
EndProject
Global
	GlobalSection(SolutionConfigurationPlatforms) = preSolution
		Debug|Any CPU = Debug|Any CPU
		Release|Any CPU = Release|Any CPU
	EndGlobalSection
	GlobalSection(ProjectConfigurationPlatforms) = postSolution
		{8A3529DC-19B8-4D26-80AC-CDFDC8CDE958}.Debug|Any CPU.ActiveCfg = Debug|Any CPU
		{8A3529DC-19B8-4D26-80AC-CDFDC8CDE958}.Debug|Any CPU.Build.0 = Debug|Any CPU
		{8A3529DC-19B8-4D26-80AC-CDFDC8CDE958}.Release|Any CPU.ActiveCfg = Release|Any CPU
		{8A3529DC-19B8-4D26-80AC-CDFDC8CDE958}.Release|Any CPU.Build.0 = Release|Any CPU
		{4C497A59-ED43-498A-8CAD-F6A0521CD252}.Debug|Any CPU.ActiveCfg = Debug|Any CPU
		{4C497A59-ED43-498A-8CAD-F6A0521CD252}.Debug|Any CPU.Build.0 = Debug|Any CPU
		{4C497A59-ED43-498A-8CAD-F6A0521CD252}.Release|Any CPU.ActiveCfg = Release|Any CPU
		{4C497A59-ED43-498A-8CAD-F6A0521CD252}.Release|Any CPU.Build.0 = Release|Any CPU
	EndGlobalSection
	GlobalSection(SolutionProperties) = preSolution
		HideSolutionNode = FALSE
	EndGlobalSection
	GlobalSection(ExtensibilityGlobals) = postSolution
		SolutionGuid = {C43E7EFE-B1C0-4847-8DA2-F067143E4353}
	EndGlobalSection
EndGlobal
