
Microsoft Visual Studio Solution File, Format Version 12.00
# Visual Studio Version 16
VisualStudioVersion = 16.0.30621.155
MinimumVisualStudioVersion = 10.0.40219.1
Project("{FAE04EC0-301F-11D3-BF4B-00C04F79EFBC}") = "BonusApp", "BonusApp.csproj", "{0749A34A-A28C-4CAD-9908-A30F78D7A407}"
EndProject
Project("{FAE04EC0-301F-11D3-BF4B-00C04F79EFBC}") = "UnitTest1", "..\UnitTest1\UnitTest1.csproj", "{9D4C4B40-1285-4838-85F6-599B03A52BE2}"
EndProject
Global
	GlobalSection(SolutionConfigurationPlatforms) = preSolution
		Debug|Any CPU = Debug|Any CPU
		Release|Any CPU = Release|Any CPU
	EndGlobalSection
	GlobalSection(ProjectConfigurationPlatforms) = postSolution
		{0749A34A-A28C-4CAD-9908-A30F78D7A407}.Debug|Any CPU.ActiveCfg = Debug|Any CPU
		{0749A34A-A28C-4CAD-9908-A30F78D7A407}.Debug|Any CPU.Build.0 = Debug|Any CPU
		{0749A34A-A28C-4CAD-9908-A30F78D7A407}.Release|Any CPU.ActiveCfg = Release|Any CPU
		{0749A34A-A28C-4CAD-9908-A30F78D7A407}.Release|Any CPU.Build.0 = Release|Any CPU
		{9D4C4B40-1285-4838-85F6-599B03A52BE2}.Debug|Any CPU.ActiveCfg = Debug|Any CPU
		{9D4C4B40-1285-4838-85F6-599B03A52BE2}.Debug|Any CPU.Build.0 = Debug|Any CPU
		{9D4C4B40-1285-4838-85F6-599B03A52BE2}.Release|Any CPU.ActiveCfg = Release|Any CPU
		{9D4C4B40-1285-4838-85F6-599B03A52BE2}.Release|Any CPU.Build.0 = Release|Any CPU
	EndGlobalSection
	GlobalSection(SolutionProperties) = preSolution
		HideSolutionNode = FALSE
	EndGlobalSection
	GlobalSection(ExtensibilityGlobals) = postSolution
		SolutionGuid = {C951A46B-E528-4986-96AD-40C45065F92C}
	EndGlobalSection
EndGlobal
